
Microsoft Visual Studio Solution File, Format Version 12.00
# Visual Studio Version 16
VisualStudioVersion = 16.0.31702.278
MinimumVisualStudioVersion = 10.0.40219.1
Project("{FAE04EC0-301F-11D3-BF4B-00C04F79EFBC}") = "Menulux", "Menulux\Menulux.csproj", "{CBF863A4-45CB-4980-9152-06AEEC91E310}"
EndProject
Global
	GlobalSection(SolutionConfigurationPlatforms) = preSolution
		Debug|Any CPU = Debug|Any CPU
		Release|Any CPU = Release|Any CPU
	EndGlobalSection
	GlobalSection(ProjectConfigurationPlatforms) = postSolution
		{CBF863A4-45CB-4980-9152-06AEEC91E310}.Debug|Any CPU.ActiveCfg = Debug|Any CPU
		{CBF863A4-45CB-4980-9152-06AEEC91E310}.Debug|Any CPU.Build.0 = Debug|Any CPU
		{CBF863A4-45CB-4980-9152-06AEEC91E310}.Release|Any CPU.ActiveCfg = Release|Any CPU
		{CBF863A4-45CB-4980-9152-06AEEC91E310}.Release|Any CPU.Build.0 = Release|Any CPU
	EndGlobalSection
	GlobalSection(SolutionProperties) = preSolution
		HideSolutionNode = FALSE
	EndGlobalSection
	GlobalSection(ExtensibilityGlobals) = postSolution
		SolutionGuid = {39E7146E-C2BE-4645-86D6-2BE73E80CD12}
	EndGlobalSection
EndGlobal
